// !$*UTF8*$!
{
	archiveVersion = 1;
	classes = {
	};
	objectVersion = 56;
	objects = {

/* Begin PBXBuildFile section */
		5CCDE07B29EAD03600E86536 /* AppDelegate.swift in Sources */ = {isa = PBXBuildFile; fileRef = 5CCDE07A29EAD03600E86536 /* AppDelegate.swift */; };
		5CCDE07D29EAD03600E86536 /* SceneDelegate.swift in Sources */ = {isa = PBXBuildFile; fileRef = 5CCDE07C29EAD03600E86536 /* SceneDelegate.swift */; };
		5CCDE07F29EAD03600E86536 /* ViewController.swift in Sources */ = {isa = PBXBuildFile; fileRef = 5CCDE07E29EAD03600E86536 /* ViewController.swift */; };
		5CCDE08229EAD03600E86536 /* Main.storyboard in Resources */ = {isa = PBXBuildFile; fileRef = 5CCDE08029EAD03600E86536 /* Main.storyboard */; };
		5CCDE08429EAD03700E86536 /* Assets.xcassets in Resources */ = {isa = PBXBuildFile; fileRef = 5CCDE08329EAD03700E86536 /* Assets.xcassets */; };
		5CCDE08729EAD03700E86536 /* LaunchScreen.storyboard in Resources */ = {isa = PBXBuildFile; fileRef = 5CCDE08529EAD03700E86536 /* LaunchScreen.storyboard */; };
		5CCDE09029EAD6EA00E86536 /* web3swift in Frameworks */ = {isa = PBXBuildFile; productRef = 5CCDE08F29EAD6EA00E86536 /* web3swift */; };
		5CCDE09329EAD88F00E86536 /* WalletManager.swift in Sources */ = {isa = PBXBuildFile; fileRef = 5CCDE09229EAD88F00E86536 /* WalletManager.swift */; };
		5CCDE09629EAD95200E86536 /* BaseViewController.swift in Sources */ = {isa = PBXBuildFile; fileRef = 5CCDE09529EAD95200E86536 /* BaseViewController.swift */; };
		5CCDE09929EADECE00E86536 /* WalletViewController.swift in Sources */ = {isa = PBXBuildFile; fileRef = 5CCDE09829EADECE00E86536 /* WalletViewController.swift */; };
		5CCDE09B29EAE99B00E86536 /* LandingViewController.swift in Sources */ = {isa = PBXBuildFile; fileRef = 5CCDE09A29EAE99B00E86536 /* LandingViewController.swift */; };
		5CCDE09D29EAEB0400E86536 /* KeyManager.swift in Sources */ = {isa = PBXBuildFile; fileRef = 5CCDE09C29EAEB0400E86536 /* KeyManager.swift */; };
/* End PBXBuildFile section */

/* Begin PBXFileReference section */
		5CCDE07729EAD03600E86536 /* BioWallet.app */ = {isa = PBXFileReference; explicitFileType = wrapper.application; includeInIndex = 0; path = BioWallet.app; sourceTree = BUILT_PRODUCTS_DIR; };
		5CCDE07A29EAD03600E86536 /* AppDelegate.swift */ = {isa = PBXFileReference; lastKnownFileType = sourcecode.swift; path = AppDelegate.swift; sourceTree = "<group>"; };
		5CCDE07C29EAD03600E86536 /* SceneDelegate.swift */ = {isa = PBXFileReference; lastKnownFileType = sourcecode.swift; path = SceneDelegate.swift; sourceTree = "<group>"; };
		5CCDE07E29EAD03600E86536 /* ViewController.swift */ = {isa = PBXFileReference; lastKnownFileType = sourcecode.swift; path = ViewController.swift; sourceTree = "<group>"; };
		5CCDE08129EAD03600E86536 /* Base */ = {isa = PBXFileReference; lastKnownFileType = file.storyboard; name = Base; path = Base.lproj/Main.storyboard; sourceTree = "<group>"; };
		5CCDE08329EAD03700E86536 /* Assets.xcassets */ = {isa = PBXFileReference; lastKnownFileType = folder.assetcatalog; path = Assets.xcassets; sourceTree = "<group>"; };
		5CCDE08629EAD03700E86536 /* Base */ = {isa = PBXFileReference; lastKnownFileType = file.storyboard; name = Base; path = Base.lproj/LaunchScreen.storyboard; sourceTree = "<group>"; };
		5CCDE08829EAD03700E86536 /* Info.plist */ = {isa = PBXFileReference; lastKnownFileType = text.plist.xml; path = Info.plist; sourceTree = "<group>"; };
		5CCDE09229EAD88F00E86536 /* WalletManager.swift */ = {isa = PBXFileReference; lastKnownFileType = sourcecode.swift; path = WalletManager.swift; sourceTree = "<group>"; };
		5CCDE09529EAD95200E86536 /* BaseViewController.swift */ = {isa = PBXFileReference; lastKnownFileType = sourcecode.swift; path = BaseViewController.swift; sourceTree = "<group>"; };
		5CCDE09829EADECE00E86536 /* WalletViewController.swift */ = {isa = PBXFileReference; lastKnownFileType = sourcecode.swift; path = WalletViewController.swift; sourceTree = "<group>"; };
		5CCDE09A29EAE99B00E86536 /* LandingViewController.swift */ = {isa = PBXFileReference; lastKnownFileType = sourcecode.swift; path = LandingViewController.swift; sourceTree = "<group>"; };
		5CCDE09C29EAEB0400E86536 /* KeyManager.swift */ = {isa = PBXFileReference; lastKnownFileType = sourcecode.swift; path = KeyManager.swift; sourceTree = "<group>"; };
/* End PBXFileReference section */

/* Begin PBXFrameworksBuildPhase section */
		5CCDE07429EAD03600E86536 /* Frameworks */ = {
			isa = PBXFrameworksBuildPhase;
			buildActionMask = 2147483647;
			files = (
				5CCDE09029EAD6EA00E86536 /* web3swift in Frameworks */,
			);
			runOnlyForDeploymentPostprocessing = 0;
		};
/* End PBXFrameworksBuildPhase section */

/* Begin PBXGroup section */
		5CCDE06E29EAD03600E86536 = {
			isa = PBXGroup;
			children = (
				5CCDE07929EAD03600E86536 /* BioWallet */,
				5CCDE07829EAD03600E86536 /* Products */,
			);
			sourceTree = "<group>";
		};
		5CCDE07829EAD03600E86536 /* Products */ = {
			isa = PBXGroup;
			children = (
				5CCDE07729EAD03600E86536 /* BioWallet.app */,
			);
			name = Products;
			sourceTree = "<group>";
		};
		5CCDE07929EAD03600E86536 /* BioWallet */ = {
			isa = PBXGroup;
			children = (
				5CCDE09429EAD93C00E86536 /* Utils */,
				5CCDE09729EADE7800E86536 /* Modules */,
				5CCDE09129EAD6FD00E86536 /* Web3Stuff */,
				5CCDE07A29EAD03600E86536 /* AppDelegate.swift */,
				5CCDE07C29EAD03600E86536 /* SceneDelegate.swift */,
				5CCDE08029EAD03600E86536 /* Main.storyboard */,
				5CCDE08329EAD03700E86536 /* Assets.xcassets */,
				5CCDE08529EAD03700E86536 /* LaunchScreen.storyboard */,
				5CCDE08829EAD03700E86536 /* Info.plist */,
			);
			path = BioWallet;
			sourceTree = "<group>";
		};
		5CCDE09129EAD6FD00E86536 /* Web3Stuff */ = {
			isa = PBXGroup;
			children = (
				5CCDE09229EAD88F00E86536 /* WalletManager.swift */,
			);
			path = Web3Stuff;
			sourceTree = "<group>";
		};
		5CCDE09429EAD93C00E86536 /* Utils */ = {
			isa = PBXGroup;
			children = (
				5CCDE09529EAD95200E86536 /* BaseViewController.swift */,
				5CCDE09C29EAEB0400E86536 /* KeyManager.swift */,
			);
			path = Utils;
			sourceTree = "<group>";
		};
		5CCDE09729EADE7800E86536 /* Modules */ = {
			isa = PBXGroup;
			children = (
				5CCDE07E29EAD03600E86536 /* ViewController.swift */,
				5CCDE09829EADECE00E86536 /* WalletViewController.swift */,
				5CCDE09A29EAE99B00E86536 /* LandingViewController.swift */,
			);
			path = Modules;
			sourceTree = "<group>";
		};
/* End PBXGroup section */

/* Begin PBXNativeTarget section */
		5CCDE07629EAD03600E86536 /* BioWallet */ = {
			isa = PBXNativeTarget;
			buildConfigurationList = 5CCDE08B29EAD03700E86536 /* Build configuration list for PBXNativeTarget "BioWallet" */;
			buildPhases = (
				5CCDE07329EAD03600E86536 /* Sources */,
				5CCDE07429EAD03600E86536 /* Frameworks */,
				5CCDE07529EAD03600E86536 /* Resources */,
			);
			buildRules = (
			);
			dependencies = (
			);
			name = BioWallet;
			packageProductDependencies = (
				5CCDE08F29EAD6EA00E86536 /* web3swift */,
			);
			productName = BioWallet;
			productReference = 5CCDE07729EAD03600E86536 /* BioWallet.app */;
			productType = "com.apple.product-type.application";
		};
/* End PBXNativeTarget section */

/* Begin PBXProject section */
		5CCDE06F29EAD03600E86536 /* Project object */ = {
			isa = PBXProject;
			attributes = {
				BuildIndependentTargetsInParallel = 1;
				LastSwiftUpdateCheck = 1420;
				LastUpgradeCheck = 1420;
				TargetAttributes = {
					5CCDE07629EAD03600E86536 = {
						CreatedOnToolsVersion = 14.2;
					};
				};
			};
			buildConfigurationList = 5CCDE07229EAD03600E86536 /* Build configuration list for PBXProject "BioWallet" */;
			compatibilityVersion = "Xcode 14.0";
			developmentRegion = en;
			hasScannedForEncodings = 0;
			knownRegions = (
				en,
				Base,
			);
			mainGroup = 5CCDE06E29EAD03600E86536;
			packageReferences = (
				5CCDE08E29EAD6EA00E86536 /* XCRemoteSwiftPackageReference "web3swift" */,
			);
			productRefGroup = 5CCDE07829EAD03600E86536 /* Products */;
			projectDirPath = "";
			projectRoot = "";
			targets = (
				5CCDE07629EAD03600E86536 /* BioWallet */,
			);
		};
/* End PBXProject section */

/* Begin PBXResourcesBuildPhase section */
		5CCDE07529EAD03600E86536 /* Resources */ = {
			isa = PBXResourcesBuildPhase;
			buildActionMask = 2147483647;
			files = (
				5CCDE08729EAD03700E86536 /* LaunchScreen.storyboard in Resources */,
				5CCDE08429EAD03700E86536 /* Assets.xcassets in Resources */,
				5CCDE08229EAD03600E86536 /* Main.storyboard in Resources */,
			);
			runOnlyForDeploymentPostprocessing = 0;
		};
/* End PBXResourcesBuildPhase section */

/* Begin PBXSourcesBuildPhase section */
		5CCDE07329EAD03600E86536 /* Sources */ = {
			isa = PBXSourcesBuildPhase;
			buildActionMask = 2147483647;
			files = (
				5CCDE09629EAD95200E86536 /* BaseViewController.swift in Sources */,
				5CCDE09B29EAE99B00E86536 /* LandingViewController.swift in Sources */,
				5CCDE07F29EAD03600E86536 /* ViewController.swift in Sources */,
				5CCDE07B29EAD03600E86536 /* AppDelegate.swift in Sources */,
				5CCDE09329EAD88F00E86536 /* WalletManager.swift in Sources */,
				5CCDE07D29EAD03600E86536 /* SceneDelegate.swift in Sources */,
				5CCDE09929EADECE00E86536 /* WalletViewController.swift in Sources */,
				5CCDE09D29EAEB0400E86536 /* KeyManager.swift in Sources */,
			);
			runOnlyForDeploymentPostprocessing = 0;
		};
/* End PBXSourcesBuildPhase section */

/* Begin PBXVariantGroup section */
		5CCDE08029EAD03600E86536 /* Main.storyboard */ = {
			isa = PBXVariantGroup;
			children = (
				5CCDE08129EAD03600E86536 /* Base */,
			);
			name = Main.storyboard;
			sourceTree = "<group>";
		};
		5CCDE08529EAD03700E86536 /* LaunchScreen.storyboard */ = {
			isa = PBXVariantGroup;
			children = (
				5CCDE08629EAD03700E86536 /* Base */,
			);
			name = LaunchScreen.storyboard;
			sourceTree = "<group>";
		};
/* End PBXVariantGroup section */

/* Begin XCBuildConfiguration section */
		5CCDE08929EAD03700E86536 /* Debug */ = {
			isa = XCBuildConfiguration;
			buildSettings = {
				ALWAYS_SEARCH_USER_PATHS = NO;
				CLANG_ANALYZER_NONNULL = YES;
				CLANG_ANALYZER_NUMBER_OBJECT_CONVERSION = YES_AGGRESSIVE;
				CLANG_CXX_LANGUAGE_STANDARD = "gnu++20";
				CLANG_ENABLE_MODULES = YES;
				CLANG_ENABLE_OBJC_ARC = YES;
				CLANG_ENABLE_OBJC_WEAK = YES;
				CLANG_WARN_BLOCK_CAPTURE_AUTORELEASING = YES;
				CLANG_WARN_BOOL_CONVERSION = YES;
				CLANG_WARN_COMMA = YES;
				CLANG_WARN_CONSTANT_CONVERSION = YES;
				CLANG_WARN_DEPRECATED_OBJC_IMPLEMENTATIONS = YES;
				CLANG_WARN_DIRECT_OBJC_ISA_USAGE = YES_ERROR;
				CLANG_WARN_DOCUMENTATION_COMMENTS = YES;
				CLANG_WARN_EMPTY_BODY = YES;
				CLANG_WARN_ENUM_CONVERSION = YES;
				CLANG_WARN_INFINITE_RECURSION = YES;
				CLANG_WARN_INT_CONVERSION = YES;
				CLANG_WARN_NON_LITERAL_NULL_CONVERSION = YES;
				CLANG_WARN_OBJC_IMPLICIT_RETAIN_SELF = YES;
				CLANG_WARN_OBJC_LITERAL_CONVERSION = YES;
				CLANG_WARN_OBJC_ROOT_CLASS = YES_ERROR;
				CLANG_WARN_QUOTED_INCLUDE_IN_FRAMEWORK_HEADER = YES;
				CLANG_WARN_RANGE_LOOP_ANALYSIS = YES;
				CLANG_WARN_STRICT_PROTOTYPES = YES;
				CLANG_WARN_SUSPICIOUS_MOVE = YES;
				CLANG_WARN_UNGUARDED_AVAILABILITY = YES_AGGRESSIVE;
				CLANG_WARN_UNREACHABLE_CODE = YES;
				CLANG_WARN__DUPLICATE_METHOD_MATCH = YES;
				COPY_PHASE_STRIP = NO;
				DEBUG_INFORMATION_FORMAT = dwarf;
				ENABLE_STRICT_OBJC_MSGSEND = YES;
				ENABLE_TESTABILITY = YES;
				GCC_C_LANGUAGE_STANDARD = gnu11;
				GCC_DYNAMIC_NO_PIC = NO;
				GCC_NO_COMMON_BLOCKS = YES;
				GCC_OPTIMIZATION_LEVEL = 0;
				GCC_PREPROCESSOR_DEFINITIONS = (
					"DEBUG=1",
					"$(inherited)",
				);
				GCC_WARN_64_TO_32_BIT_CONVERSION = YES;
				GCC_WARN_ABOUT_RETURN_TYPE = YES_ERROR;
				GCC_WARN_UNDECLARED_SELECTOR = YES;
				GCC_WARN_UNINITIALIZED_AUTOS = YES_AGGRESSIVE;
				GCC_WARN_UNUSED_FUNCTION = YES;
				GCC_WARN_UNUSED_VARIABLE = YES;
				IPHONEOS_DEPLOYMENT_TARGET = 15.0;
				MTL_ENABLE_DEBUG_INFO = INCLUDE_SOURCE;
				MTL_FAST_MATH = YES;
				ONLY_ACTIVE_ARCH = YES;
				SDKROOT = iphoneos;
				SWIFT_ACTIVE_COMPILATION_CONDITIONS = DEBUG;
				SWIFT_OPTIMIZATION_LEVEL = "-Onone";
			};
			name = Debug;
		};
		5CCDE08A29EAD03700E86536 /* Release */ = {
			isa = XCBuildConfiguration;
			buildSettings = {
				ALWAYS_SEARCH_USER_PATHS = NO;
				CLANG_ANALYZER_NONNULL = YES;
				CLANG_ANALYZER_NUMBER_OBJECT_CONVERSION = YES_AGGRESSIVE;
				CLANG_CXX_LANGUAGE_STANDARD = "gnu++20";
				CLANG_ENABLE_MODULES = YES;
				CLANG_ENABLE_OBJC_ARC = YES;
				CLANG_ENABLE_OBJC_WEAK = YES;
				CLANG_WARN_BLOCK_CAPTURE_AUTORELEASING = YES;
				CLANG_WARN_BOOL_CONVERSION = YES;
				CLANG_WARN_COMMA = YES;
				CLANG_WARN_CONSTANT_CONVERSION = YES;
				CLANG_WARN_DEPRECATED_OBJC_IMPLEMENTATIONS = YES;
				CLANG_WARN_DIRECT_OBJC_ISA_USAGE = YES_ERROR;
				CLANG_WARN_DOCUMENTATION_COMMENTS = YES;
				CLANG_WARN_EMPTY_BODY = YES;
				CLANG_WARN_ENUM_CONVERSION = YES;
				CLANG_WARN_INFINITE_RECURSION = YES;
				CLANG_WARN_INT_CONVERSION = YES;
				CLANG_WARN_NON_LITERAL_NULL_CONVERSION = YES;
				CLANG_WARN_OBJC_IMPLICIT_RETAIN_SELF = YES;
				CLANG_WARN_OBJC_LITERAL_CONVERSION = YES;
				CLANG_WARN_OBJC_ROOT_CLASS = YES_ERROR;
				CLANG_WARN_QUOTED_INCLUDE_IN_FRAMEWORK_HEADER = YES;
				CLANG_WARN_RANGE_LOOP_ANALYSIS = YES;
				CLANG_WARN_STRICT_PROTOTYPES = YES;
				CLANG_WARN_SUSPICIOUS_MOVE = YES;
				CLANG_WARN_UNGUARDED_AVAILABILITY = YES_AGGRESSIVE;
				CLANG_WARN_UNREACHABLE_CODE = YES;
				CLANG_WARN__DUPLICATE_METHOD_MATCH = YES;
				COPY_PHASE_STRIP = NO;
				DEBUG_INFORMATION_FORMAT = "dwarf-with-dsym";
				ENABLE_NS_ASSERTIONS = NO;
				ENABLE_STRICT_OBJC_MSGSEND = YES;
				GCC_C_LANGUAGE_STANDARD = gnu11;
				GCC_NO_COMMON_BLOCKS = YES;
				GCC_WARN_64_TO_32_BIT_CONVERSION = YES;
				GCC_WARN_ABOUT_RETURN_TYPE = YES_ERROR;
				GCC_WARN_UNDECLARED_SELECTOR = YES;
				GCC_WARN_UNINITIALIZED_AUTOS = YES_AGGRESSIVE;
				GCC_WARN_UNUSED_FUNCTION = YES;
				GCC_WARN_UNUSED_VARIABLE = YES;
				IPHONEOS_DEPLOYMENT_TARGET = 15.0;
				MTL_ENABLE_DEBUG_INFO = NO;
				MTL_FAST_MATH = YES;
				SDKROOT = iphoneos;
				SWIFT_COMPILATION_MODE = wholemodule;
				SWIFT_OPTIMIZATION_LEVEL = "-O";
				VALIDATE_PRODUCT = YES;
			};
			name = Release;
		};
		5CCDE08C29EAD03700E86536 /* Debug */ = {
			isa = XCBuildConfiguration;
			buildSettings = {
				ASSETCATALOG_COMPILER_APPICON_NAME = AppIcon;
				ASSETCATALOG_COMPILER_GLOBAL_ACCENT_COLOR_NAME = AccentColor;
				CODE_SIGN_STYLE = Automatic;
				CURRENT_PROJECT_VERSION = 1;
				DEVELOPMENT_TEAM = TS4RX6E9KD;
				GENERATE_INFOPLIST_FILE = YES;
				INFOPLIST_FILE = BioWallet/Info.plist;
				INFOPLIST_KEY_UIApplicationSupportsIndirectInputEvents = YES;
				INFOPLIST_KEY_UILaunchStoryboardName = LaunchScreen;
				INFOPLIST_KEY_UIMainStoryboardFile = Main;
				INFOPLIST_KEY_UISupportedInterfaceOrientations_iPad = "UIInterfaceOrientationPortrait UIInterfaceOrientationPortraitUpsideDown UIInterfaceOrientationLandscapeLeft UIInterfaceOrientationLandscapeRight";
				INFOPLIST_KEY_UISupportedInterfaceOrientations_iPhone = "UIInterfaceOrientationPortrait UIInterfaceOrientationLandscapeLeft UIInterfaceOrientationLandscapeRight";
				LD_RUNPATH_SEARCH_PATHS = (
					"$(inherited)",
					"@executable_path/Frameworks",
				);
				MARKETING_VERSION = 1.0;
				PRODUCT_BUNDLE_IDENTIFIER = com.aloksahay.biowallet.BioWallet;
				PRODUCT_NAME = "$(TARGET_NAME)";
				SWIFT_EMIT_LOC_STRINGS = YES;
				SWIFT_VERSION = 5.0;
				TARGETED_DEVICE_FAMILY = "1,2";
			};
			name = Debug;
		};
		5CCDE08D29EAD03700E86536 /* Release */ = {
			isa = XCBuildConfiguration;
			buildSettings = {
				ASSETCATALOG_COMPILER_APPICON_NAME = AppIcon;
				ASSETCATALOG_COMPILER_GLOBAL_ACCENT_COLOR_NAME = AccentColor;
				CODE_SIGN_STYLE = Automatic;
				CURRENT_PROJECT_VERSION = 1;
				DEVELOPMENT_TEAM = TS4RX6E9KD;
				GENERATE_INFOPLIST_FILE = YES;
				INFOPLIST_FILE = BioWallet/Info.plist;
				INFOPLIST_KEY_UIApplicationSupportsIndirectInputEvents = YES;
				INFOPLIST_KEY_UILaunchStoryboardName = LaunchScreen;
				INFOPLIST_KEY_UIMainStoryboardFile = Main;
				INFOPLIST_KEY_UISupportedInterfaceOrientations_iPad = "UIInterfaceOrientationPortrait UIInterfaceOrientationPortraitUpsideDown UIInterfaceOrientationLandscapeLeft UIInterfaceOrientationLandscapeRight";
				INFOPLIST_KEY_UISupportedInterfaceOrientations_iPhone = "UIInterfaceOrientationPortrait UIInterfaceOrientationLandscapeLeft UIInterfaceOrientationLandscapeRight";
				LD_RUNPATH_SEARCH_PATHS = (
					"$(inherited)",
					"@executable_path/Frameworks",
				);
				MARKETING_VERSION = 1.0;
				PRODUCT_BUNDLE_IDENTIFIER = com.aloksahay.biowallet.BioWallet;
				PRODUCT_NAME = "$(TARGET_NAME)";
				SWIFT_EMIT_LOC_STRINGS = YES;
				SWIFT_VERSION = 5.0;
				TARGETED_DEVICE_FAMILY = "1,2";
			};
			name = Release;
		};
/* End XCBuildConfiguration section */

/* Begin XCConfigurationList section */
		5CCDE07229EAD03600E86536 /* Build configuration list for PBXProject "BioWallet" */ = {
			isa = XCConfigurationList;
			buildConfigurations = (
				5CCDE08929EAD03700E86536 /* Debug */,
				5CCDE08A29EAD03700E86536 /* Release */,
			);
			defaultConfigurationIsVisible = 0;
			defaultConfigurationName = Release;
		};
		5CCDE08B29EAD03700E86536 /* Build configuration list for PBXNativeTarget "BioWallet" */ = {
			isa = XCConfigurationList;
			buildConfigurations = (
				5CCDE08C29EAD03700E86536 /* Debug */,
				5CCDE08D29EAD03700E86536 /* Release */,
			);
			defaultConfigurationIsVisible = 0;
			defaultConfigurationName = Release;
		};
/* End XCConfigurationList section */

/* Begin XCRemoteSwiftPackageReference section */
		5CCDE08E29EAD6EA00E86536 /* XCRemoteSwiftPackageReference "web3swift" */ = {
			isa = XCRemoteSwiftPackageReference;
			repositoryURL = "https://github.com/web3swift-team/web3swift.git";
			requirement = {
				branch = develop;
				kind = branch;
			};
		};
/* End XCRemoteSwiftPackageReference section */

/* Begin XCSwiftPackageProductDependency section */
		5CCDE08F29EAD6EA00E86536 /* web3swift */ = {
			isa = XCSwiftPackageProductDependency;
			package = 5CCDE08E29EAD6EA00E86536 /* XCRemoteSwiftPackageReference "web3swift" */;
			productName = web3swift;
		};
/* End XCSwiftPackageProductDependency section */
	};
	rootObject = 5CCDE06F29EAD03600E86536 /* Project object */;
}
